
Microsoft Visual Studio Solution File, Format Version 12.00
# Visual Studio Version 16
VisualStudioVersion = 16.0.31005.135
MinimumVisualStudioVersion = 15.0.26124.0
Project("{2150E333-8FDC-42A3-9474-1A3956D46DE8}") = "Solution Items", "Solution Items", "{91A5AD2D-3BA4-4B34-9C2E-F1003B321E23}"
	ProjectSection(SolutionItems) = preProject
		build\dependencies.props = build\dependencies.props
		Directory.Build.props = Directory.Build.props
		Directory.Build.targets = Directory.Build.targets
		README.md = README.md
	EndProjectSection
EndProject
Project("{2150E333-8FDC-42A3-9474-1A3956D46DE8}") = "src", "src", "{35633E60-17A2-4EB1-AB4D-A40732E7EA66}"
EndProject
Project("{2150E333-8FDC-42A3-9474-1A3956D46DE8}") = "test", "test", "{C88E71CB-FA82-42AA-9075-47768548D735}"
EndProject
Project("{9A19103F-16F7-4668-BE54-9A1E7A4F7556}") = "MenuConfigurator.Domain", "src\Domain\MenuConfigurator.Domain.csproj", "{2A51682B-7F96-4C80-893F-41CCC74FF5D3}"
EndProject
Project("{9A19103F-16F7-4668-BE54-9A1E7A4F7556}") = "MenuConfigurator.Infraestructure", "src\Infraestructure\MenuConfigurator.Infraestructure.csproj", "{A64B9479-FA92-4020-830A-2D94110D1021}"
EndProject
Project("{9A19103F-16F7-4668-BE54-9A1E7A4F7556}") = "MenuConfigurator.Api", "src\Api\MenuConfigurator.Api.csproj", "{5E926FC1-5790-4E6E-A0E1-FEB32449AB03}"
EndProject
Project("{9A19103F-16F7-4668-BE54-9A1E7A4F7556}") = "MenuConfigurator.Host", "src\Host\MenuConfigurator.Host.csproj", "{45104126-2BD0-48DC-9894-3D3408E1A507}"
EndProject
Project("{9A19103F-16F7-4668-BE54-9A1E7A4F7556}") = "MenuConfigurator.Model", "src\Model\MenuConfigurator.Model.csproj", "{D75E40DD-4E72-4CF2-81DD-BC5DFBD2DBB5}"
EndProject
Project("{9A19103F-16F7-4668-BE54-9A1E7A4F7556}") = "MenuConfigurator.Web", "src\Web\MenuConfigurator.Web.csproj", "{F62E1073-1284-4779-9BC1-00CD23FF2C77}"
EndProject
Project("{9A19103F-16F7-4668-BE54-9A1E7A4F7556}") = "MenuConfigurator.FunctionalTests", "test\FunctionalTests\MenuConfigurator.FunctionalTests.csproj", "{6C45F27C-BDD1-42BE-B530-351F3C8F1014}"
EndProject
Project("{9A19103F-16F7-4668-BE54-9A1E7A4F7556}") = "MenuConfigurator.Tests", "test\Tests\MenuConfigurator.Tests.csproj", "{7BAFC6CD-7C1E-415C-A476-C1320776DF56}"
EndProject
Global
	GlobalSection(SolutionConfigurationPlatforms) = preSolution
		Debug|Any CPU = Debug|Any CPU
		Release|Any CPU = Release|Any CPU
	EndGlobalSection
	GlobalSection(ProjectConfigurationPlatforms) = postSolution
		{2A51682B-7F96-4C80-893F-41CCC74FF5D3}.Debug|Any CPU.ActiveCfg = Debug|Any CPU
		{2A51682B-7F96-4C80-893F-41CCC74FF5D3}.Debug|Any CPU.Build.0 = Debug|Any CPU
		{2A51682B-7F96-4C80-893F-41CCC74FF5D3}.Release|Any CPU.ActiveCfg = Release|Any CPU
		{2A51682B-7F96-4C80-893F-41CCC74FF5D3}.Release|Any CPU.Build.0 = Release|Any CPU
		{A64B9479-FA92-4020-830A-2D94110D1021}.Debug|Any CPU.ActiveCfg = Debug|Any CPU
		{A64B9479-FA92-4020-830A-2D94110D1021}.Debug|Any CPU.Build.0 = Debug|Any CPU
		{A64B9479-FA92-4020-830A-2D94110D1021}.Release|Any CPU.ActiveCfg = Release|Any CPU
		{A64B9479-FA92-4020-830A-2D94110D1021}.Release|Any CPU.Build.0 = Release|Any CPU
		{5E926FC1-5790-4E6E-A0E1-FEB32449AB03}.Debug|Any CPU.ActiveCfg = Debug|Any CPU
		{5E926FC1-5790-4E6E-A0E1-FEB32449AB03}.Debug|Any CPU.Build.0 = Debug|Any CPU
		{5E926FC1-5790-4E6E-A0E1-FEB32449AB03}.Release|Any CPU.ActiveCfg = Release|Any CPU
		{5E926FC1-5790-4E6E-A0E1-FEB32449AB03}.Release|Any CPU.Build.0 = Release|Any CPU
		{45104126-2BD0-48DC-9894-3D3408E1A507}.Debug|Any CPU.ActiveCfg = Debug|Any CPU
		{45104126-2BD0-48DC-9894-3D3408E1A507}.Debug|Any CPU.Build.0 = Debug|Any CPU
		{45104126-2BD0-48DC-9894-3D3408E1A507}.Release|Any CPU.ActiveCfg = Release|Any CPU
		{45104126-2BD0-48DC-9894-3D3408E1A507}.Release|Any CPU.Build.0 = Release|Any CPU
		{D75E40DD-4E72-4CF2-81DD-BC5DFBD2DBB5}.Debug|Any CPU.ActiveCfg = Debug|Any CPU
		{D75E40DD-4E72-4CF2-81DD-BC5DFBD2DBB5}.Debug|Any CPU.Build.0 = Debug|Any CPU
		{D75E40DD-4E72-4CF2-81DD-BC5DFBD2DBB5}.Release|Any CPU.ActiveCfg = Release|Any CPU
		{D75E40DD-4E72-4CF2-81DD-BC5DFBD2DBB5}.Release|Any CPU.Build.0 = Release|Any CPU
		{F62E1073-1284-4779-9BC1-00CD23FF2C77}.Debug|Any CPU.ActiveCfg = Debug|Any CPU
		{F62E1073-1284-4779-9BC1-00CD23FF2C77}.Debug|Any CPU.Build.0 = Debug|Any CPU
		{F62E1073-1284-4779-9BC1-00CD23FF2C77}.Release|Any CPU.ActiveCfg = Release|Any CPU
		{F62E1073-1284-4779-9BC1-00CD23FF2C77}.Release|Any CPU.Build.0 = Release|Any CPU
		{6C45F27C-BDD1-42BE-B530-351F3C8F1014}.Debug|Any CPU.ActiveCfg = Debug|Any CPU
		{6C45F27C-BDD1-42BE-B530-351F3C8F1014}.Debug|Any CPU.Build.0 = Debug|Any CPU
		{6C45F27C-BDD1-42BE-B530-351F3C8F1014}.Release|Any CPU.ActiveCfg = Release|Any CPU
		{6C45F27C-BDD1-42BE-B530-351F3C8F1014}.Release|Any CPU.Build.0 = Release|Any CPU
		{7BAFC6CD-7C1E-415C-A476-C1320776DF56}.Debug|Any CPU.ActiveCfg = Debug|Any CPU
		{7BAFC6CD-7C1E-415C-A476-C1320776DF56}.Debug|Any CPU.Build.0 = Debug|Any CPU
		{7BAFC6CD-7C1E-415C-A476-C1320776DF56}.Release|Any CPU.ActiveCfg = Release|Any CPU
		{7BAFC6CD-7C1E-415C-A476-C1320776DF56}.Release|Any CPU.Build.0 = Release|Any CPU
	EndGlobalSection
	GlobalSection(SolutionProperties) = preSolution
		HideSolutionNode = FALSE
	EndGlobalSection
	GlobalSection(NestedProjects) = preSolution
		{2A51682B-7F96-4C80-893F-41CCC74FF5D3} = {35633E60-17A2-4EB1-AB4D-A40732E7EA66}
		{A64B9479-FA92-4020-830A-2D94110D1021} = {35633E60-17A2-4EB1-AB4D-A40732E7EA66}
		{5E926FC1-5790-4E6E-A0E1-FEB32449AB03} = {35633E60-17A2-4EB1-AB4D-A40732E7EA66}
		{45104126-2BD0-48DC-9894-3D3408E1A507} = {35633E60-17A2-4EB1-AB4D-A40732E7EA66}
		{D75E40DD-4E72-4CF2-81DD-BC5DFBD2DBB5} = {35633E60-17A2-4EB1-AB4D-A40732E7EA66}
		{F62E1073-1284-4779-9BC1-00CD23FF2C77} = {35633E60-17A2-4EB1-AB4D-A40732E7EA66}
		{6C45F27C-BDD1-42BE-B530-351F3C8F1014} = {C88E71CB-FA82-42AA-9075-47768548D735}
		{7BAFC6CD-7C1E-415C-A476-C1320776DF56} = {C88E71CB-FA82-42AA-9075-47768548D735}
	EndGlobalSection
	GlobalSection(ExtensibilityGlobals) = postSolution
		SolutionGuid = {D1C10D36-DF3C-41BD-AF39-6108DD190CB7}
	EndGlobalSection
EndGlobal
