
Microsoft Visual Studio Solution File, Format Version 12.00
# Visual Studio Version 16
VisualStudioVersion = 16.0.31005.135
MinimumVisualStudioVersion = 15.0.26124.0
Project("{2150E333-8FDC-42A3-9474-1A3956D46DE8}") = "Solution Items", "Solution Items", "{91A5AD2D-3BA4-4B34-9C2E-F1003B321E23}"
	ProjectSection(SolutionItems) = preProject
		README.md = README.md
	EndProjectSection
EndProject
Project("{2150E333-8FDC-42A3-9474-1A3956D46DE8}") = "src", "src", "{35633E60-17A2-4EB1-AB4D-A40732E7EA66}"
EndProject
Project("{2150E333-8FDC-42A3-9474-1A3956D46DE8}") = "test", "test", "{C88E71CB-FA82-42AA-9075-47768548D735}"
EndProject
Project("{9A19103F-16F7-4668-BE54-9A1E7A4F7556}") = "MenuConfigurator.Server", "src\Server\MenuConfigurator.Server.csproj", "{C37278CA-E988-4051-8AE0-540DB98B9D89}"
EndProject
Project("{9A19103F-16F7-4668-BE54-9A1E7A4F7556}") = "MenuConfigurator.Shared", "src\Shared\MenuConfigurator.Shared.csproj", "{4D23576D-667C-448D-8404-0AC1A33BB875}"
EndProject
Project("{9A19103F-16F7-4668-BE54-9A1E7A4F7556}") = "MenuConfigurator.Web", "src\Web\MenuConfigurator.Web.csproj", "{44AC043A-24E8-4D9B-942B-013F6A166CE8}"
EndProject
Global
	GlobalSection(SolutionConfigurationPlatforms) = preSolution
		Debug|Any CPU = Debug|Any CPU
		Release|Any CPU = Release|Any CPU
	EndGlobalSection
	GlobalSection(ProjectConfigurationPlatforms) = postSolution
		{C37278CA-E988-4051-8AE0-540DB98B9D89}.Debug|Any CPU.ActiveCfg = Debug|Any CPU
		{C37278CA-E988-4051-8AE0-540DB98B9D89}.Debug|Any CPU.Build.0 = Debug|Any CPU
		{C37278CA-E988-4051-8AE0-540DB98B9D89}.Release|Any CPU.ActiveCfg = Release|Any CPU
		{C37278CA-E988-4051-8AE0-540DB98B9D89}.Release|Any CPU.Build.0 = Release|Any CPU
		{4D23576D-667C-448D-8404-0AC1A33BB875}.Debug|Any CPU.ActiveCfg = Debug|Any CPU
		{4D23576D-667C-448D-8404-0AC1A33BB875}.Debug|Any CPU.Build.0 = Debug|Any CPU
		{4D23576D-667C-448D-8404-0AC1A33BB875}.Release|Any CPU.ActiveCfg = Release|Any CPU
		{4D23576D-667C-448D-8404-0AC1A33BB875}.Release|Any CPU.Build.0 = Release|Any CPU
		{44AC043A-24E8-4D9B-942B-013F6A166CE8}.Debug|Any CPU.ActiveCfg = Debug|Any CPU
		{44AC043A-24E8-4D9B-942B-013F6A166CE8}.Debug|Any CPU.Build.0 = Debug|Any CPU
		{44AC043A-24E8-4D9B-942B-013F6A166CE8}.Release|Any CPU.ActiveCfg = Release|Any CPU
		{44AC043A-24E8-4D9B-942B-013F6A166CE8}.Release|Any CPU.Build.0 = Release|Any CPU
	EndGlobalSection
	GlobalSection(SolutionProperties) = preSolution
		HideSolutionNode = FALSE
	EndGlobalSection
	GlobalSection(NestedProjects) = preSolution
		{C37278CA-E988-4051-8AE0-540DB98B9D89} = {35633E60-17A2-4EB1-AB4D-A40732E7EA66}
		{4D23576D-667C-448D-8404-0AC1A33BB875} = {35633E60-17A2-4EB1-AB4D-A40732E7EA66}
		{44AC043A-24E8-4D9B-942B-013F6A166CE8} = {35633E60-17A2-4EB1-AB4D-A40732E7EA66}
	EndGlobalSection
	GlobalSection(ExtensibilityGlobals) = postSolution
		SolutionGuid = {D1C10D36-DF3C-41BD-AF39-6108DD190CB7}
	EndGlobalSection
EndGlobal
